<?xml version="1.0" encoding="utf-8"?>
<Project ToolsVersion="4.0" xmlns="http://schemas.microsoft.com/developer/msbuild/2003">
  <ItemGroup>
    <Filter Include="Source Files">
      <UniqueIdentifier>{A476348A-4E0C-42BB-8AA6-A5D70C34C882}</UniqueIdentifier>
    </Filter>
    <Filter Include="Header Files">
      <UniqueIdentifier>{7D2A773A-F547-4417-8483-F1D5C7809754}</UniqueIdentifier>
    </Filter>
  </ItemGroup>
  <ItemGroup>
    <ClCompile Include="$(SynaptomeTestRoot)\host_composition_renderer_native_main.cpp">
      <Filter>Source Files</Filter>
    </ClCompile>
    <ClCompile Include="$(SynaptomeAppRoot)\src\host\HostCompositionRenderer.cpp">
      <Filter>Source Files</Filter>
    </ClCompile>
    <ClCompile Include="$(SynaptomeAppRoot)\src\runtime\Runtime.cpp">
      <Filter>Source Files</Filter>
    </ClCompile>
    <ClCompile Include="$(SynaptomeAppRoot)\src\visuals\LayerFactory.cpp">
      <Filter>Source Files</Filter>
    </ClCompile>
  </ItemGroup>
  <ItemGroup>
    <ClInclude Include="$(SynaptomeTestRoot)\stubs\ofFbo.h">
      <Filter>Header Files</Filter>
    </ClInclude>
    <ClInclude Include="$(SynaptomeTestRoot)\stubs\ofGraphics.h">
      <Filter>Header Files</Filter>
    </ClInclude>
    <ClInclude Include="$(SynaptomeTestRoot)\stubs\ofGLStub.h">
      <Filter>Header Files</Filter>
    </ClInclude>
    <ClInclude Include="$(SynaptomeTestRoot)\stubs\ofStubTrace.h">
      <Filter>Header Files</Filter>
    </ClInclude>
    <ClInclude Include="$(SynaptomeTestRoot)\stubs\ofCamera.h">
      <Filter>Header Files</Filter>
    </ClInclude>
    <ClInclude Include="$(SynaptomeTestRoot)\stubs\ofRectangle.h">
      <Filter>Header Files</Filter>
    </ClInclude>
    <ClInclude Include="$(SynaptomeTestRoot)\stubs\glm\vec2.hpp">
      <Filter>Header Files</Filter>
    </ClInclude>
    <ClInclude Include="$(SynaptomeAppRoot)\src\host\HostCompositionEffects.h">
      <Filter>Header Files</Filter>
    </ClInclude>
    <ClInclude Include="$(SynaptomeAppRoot)\src\host\HostCompositionRenderer.h">
      <Filter>Header Files</Filter>
    </ClInclude>
  </ItemGroup>
</Project>
